// !$*UTF8*$!
{
	archiveVersion = 1;
	classes = {
	};
	objectVersion = 50;
	objects = {

/* Begin PBXBuildFile section */
		A8C6F58D22007FF100791E3C /* AppDelegate.swift in Sources */ = {isa = PBXBuildFile; fileRef = A8C6F58C22007FF100791E3C /* AppDelegate.swift */; };
		A8C6F58F22007FF100791E3C /* CurrenciesListviewController.swift in Sources */ = {isa = PBXBuildFile; fileRef = A8C6F58E22007FF100791E3C /* CurrenciesListviewController.swift */; };
		A8C6F59222007FF100791E3C /* Main.storyboard in Resources */ = {isa = PBXBuildFile; fileRef = A8C6F59022007FF100791E3C /* Main.storyboard */; };
		A8C6F59422007FF300791E3C /* Assets.xcassets in Resources */ = {isa = PBXBuildFile; fileRef = A8C6F59322007FF300791E3C /* Assets.xcassets */; };
		A8C6F59722007FF300791E3C /* LaunchScreen.storyboard in Resources */ = {isa = PBXBuildFile; fileRef = A8C6F59522007FF300791E3C /* LaunchScreen.storyboard */; };
		A8C6F5A222007FF300791E3C /* CurrenciesTests.swift in Sources */ = {isa = PBXBuildFile; fileRef = A8C6F5A122007FF300791E3C /* CurrenciesTests.swift */; };
		A8C6F5B12200806100791E3C /* BaseViewController.swift in Sources */ = {isa = PBXBuildFile; fileRef = A8C6F5B02200806100791E3C /* BaseViewController.swift */; };
		A8C6F5B42200828200791E3C /* CurrenciesListUI.swift in Sources */ = {isa = PBXBuildFile; fileRef = A8C6F5B32200828200791E3C /* CurrenciesListUI.swift */; };
		A8C6F5B62200848B00791E3C /* CurrenciesListUIView.xib in Resources */ = {isa = PBXBuildFile; fileRef = A8C6F5B52200848B00791E3C /* CurrenciesListUIView.xib */; };
/* End PBXBuildFile section */

/* Begin PBXContainerItemProxy section */
		A8C6F59E22007FF300791E3C /* PBXContainerItemProxy */ = {
			isa = PBXContainerItemProxy;
			containerPortal = A8C6F58122007FF100791E3C /* Project object */;
			proxyType = 1;
			remoteGlobalIDString = A8C6F58822007FF100791E3C;
			remoteInfo = Currencies;
		};
/* End PBXContainerItemProxy section */

/* Begin PBXFileReference section */
		A8C6F58922007FF100791E3C /* Currencies.app */ = {isa = PBXFileReference; explicitFileType = wrapper.application; includeInIndex = 0; path = Currencies.app; sourceTree = BUILT_PRODUCTS_DIR; };
		A8C6F58C22007FF100791E3C /* AppDelegate.swift */ = {isa = PBXFileReference; lastKnownFileType = sourcecode.swift; path = AppDelegate.swift; sourceTree = "<group>"; };
		A8C6F58E22007FF100791E3C /* CurrenciesListviewController.swift */ = {isa = PBXFileReference; lastKnownFileType = sourcecode.swift; path = CurrenciesListviewController.swift; sourceTree = "<group>"; };
		A8C6F59122007FF100791E3C /* Base */ = {isa = PBXFileReference; lastKnownFileType = file.storyboard; name = Base; path = Base.lproj/Main.storyboard; sourceTree = "<group>"; };
		A8C6F59322007FF300791E3C /* Assets.xcassets */ = {isa = PBXFileReference; lastKnownFileType = folder.assetcatalog; path = Assets.xcassets; sourceTree = "<group>"; };
		A8C6F59622007FF300791E3C /* Base */ = {isa = PBXFileReference; lastKnownFileType = file.storyboard; name = Base; path = Base.lproj/LaunchScreen.storyboard; sourceTree = "<group>"; };
		A8C6F59822007FF300791E3C /* Info.plist */ = {isa = PBXFileReference; lastKnownFileType = text.plist.xml; path = Info.plist; sourceTree = "<group>"; };
		A8C6F59D22007FF300791E3C /* CurrenciesTests.xctest */ = {isa = PBXFileReference; explicitFileType = wrapper.cfbundle; includeInIndex = 0; path = CurrenciesTests.xctest; sourceTree = BUILT_PRODUCTS_DIR; };
		A8C6F5A122007FF300791E3C /* CurrenciesTests.swift */ = {isa = PBXFileReference; lastKnownFileType = sourcecode.swift; path = CurrenciesTests.swift; sourceTree = "<group>"; };
		A8C6F5A322007FF300791E3C /* Info.plist */ = {isa = PBXFileReference; lastKnownFileType = text.plist.xml; path = Info.plist; sourceTree = "<group>"; };
		A8C6F5B02200806100791E3C /* BaseViewController.swift */ = {isa = PBXFileReference; lastKnownFileType = sourcecode.swift; path = BaseViewController.swift; sourceTree = "<group>"; };
		A8C6F5B32200828200791E3C /* CurrenciesListUI.swift */ = {isa = PBXFileReference; lastKnownFileType = sourcecode.swift; path = CurrenciesListUI.swift; sourceTree = "<group>"; };
		A8C6F5B52200848B00791E3C /* CurrenciesListUIView.xib */ = {isa = PBXFileReference; lastKnownFileType = file.xib; path = CurrenciesListUIView.xib; sourceTree = "<group>"; };
/* End PBXFileReference section */

/* Begin PBXFrameworksBuildPhase section */
		A8C6F58622007FF100791E3C /* Frameworks */ = {
			isa = PBXFrameworksBuildPhase;
			buildActionMask = 2147483647;
			files = (
			);
			runOnlyForDeploymentPostprocessing = 0;
		};
		A8C6F59A22007FF300791E3C /* Frameworks */ = {
			isa = PBXFrameworksBuildPhase;
			buildActionMask = 2147483647;
			files = (
			);
			runOnlyForDeploymentPostprocessing = 0;
		};
/* End PBXFrameworksBuildPhase section */

/* Begin PBXGroup section */
		A8C6F58022007FF100791E3C = {
			isa = PBXGroup;
			children = (
				A8C6F58B22007FF100791E3C /* Currencies */,
				A8C6F5A022007FF300791E3C /* CurrenciesTests */,
				A8C6F58A22007FF100791E3C /* Products */,
			);
			sourceTree = "<group>";
		};
		A8C6F58A22007FF100791E3C /* Products */ = {
			isa = PBXGroup;
			children = (
				A8C6F58922007FF100791E3C /* Currencies.app */,
				A8C6F59D22007FF300791E3C /* CurrenciesTests.xctest */,
			);
			name = Products;
			sourceTree = "<group>";
		};
		A8C6F58B22007FF100791E3C /* Currencies */ = {
			isa = PBXGroup;
			children = (
				A8C6F5AE2200804B00791E3C /* Common */,
				A8C6F5AC2200801E00791E3C /* Scene */,
				A8C6F58C22007FF100791E3C /* AppDelegate.swift */,
				A8C6F59022007FF100791E3C /* Main.storyboard */,
				A8C6F59322007FF300791E3C /* Assets.xcassets */,
				A8C6F59522007FF300791E3C /* LaunchScreen.storyboard */,
				A8C6F59822007FF300791E3C /* Info.plist */,
			);
			path = Currencies;
			sourceTree = "<group>";
		};
		A8C6F5A022007FF300791E3C /* CurrenciesTests */ = {
			isa = PBXGroup;
			children = (
				A8C6F5A122007FF300791E3C /* CurrenciesTests.swift */,
				A8C6F5A322007FF300791E3C /* Info.plist */,
			);
			path = CurrenciesTests;
			sourceTree = "<group>";
		};
		A8C6F5AC2200801E00791E3C /* Scene */ = {
			isa = PBXGroup;
			children = (
				A8C6F5AD2200802300791E3C /* CurrenciesList */,
			);
			path = Scene;
			sourceTree = "<group>";
		};
		A8C6F5AD2200802300791E3C /* CurrenciesList */ = {
			isa = PBXGroup;
			children = (
				A8C6F5B22200814900791E3C /* UI */,
				A8C6F58E22007FF100791E3C /* CurrenciesListviewController.swift */,
			);
			path = CurrenciesList;
			sourceTree = "<group>";
		};
		A8C6F5AE2200804B00791E3C /* Common */ = {
			isa = PBXGroup;
			children = (
				A8C6F5AF2200805000791E3C /* ViewController */,
			);
			path = Common;
			sourceTree = "<group>";
		};
		A8C6F5AF2200805000791E3C /* ViewController */ = {
			isa = PBXGroup;
			children = (
				A8C6F5B02200806100791E3C /* BaseViewController.swift */,
			);
			path = ViewController;
			sourceTree = "<group>";
		};
		A8C6F5B22200814900791E3C /* UI */ = {
			isa = PBXGroup;
			children = (
				A8C6F5B32200828200791E3C /* CurrenciesListUI.swift */,
				A8C6F5B52200848B00791E3C /* CurrenciesListUIView.xib */,
			);
			path = UI;
			sourceTree = "<group>";
		};
/* End PBXGroup section */

/* Begin PBXNativeTarget section */
		A8C6F58822007FF100791E3C /* Currencies */ = {
			isa = PBXNativeTarget;
			buildConfigurationList = A8C6F5A622007FF300791E3C /* Build configuration list for PBXNativeTarget "Currencies" */;
			buildPhases = (
				A8C6F58522007FF100791E3C /* Sources */,
				A8C6F58622007FF100791E3C /* Frameworks */,
				A8C6F58722007FF100791E3C /* Resources */,
			);
			buildRules = (
			);
			dependencies = (
			);
			name = Currencies;
			productName = Currencies;
			productReference = A8C6F58922007FF100791E3C /* Currencies.app */;
			productType = "com.apple.product-type.application";
		};
		A8C6F59C22007FF300791E3C /* CurrenciesTests */ = {
			isa = PBXNativeTarget;
			buildConfigurationList = A8C6F5A922007FF300791E3C /* Build configuration list for PBXNativeTarget "CurrenciesTests" */;
			buildPhases = (
				A8C6F59922007FF300791E3C /* Sources */,
				A8C6F59A22007FF300791E3C /* Frameworks */,
				A8C6F59B22007FF300791E3C /* Resources */,
			);
			buildRules = (
			);
			dependencies = (
				A8C6F59F22007FF300791E3C /* PBXTargetDependency */,
			);
			name = CurrenciesTests;
			productName = CurrenciesTests;
			productReference = A8C6F59D22007FF300791E3C /* CurrenciesTests.xctest */;
			productType = "com.apple.product-type.bundle.unit-test";
		};
/* End PBXNativeTarget section */

/* Begin PBXProject section */
		A8C6F58122007FF100791E3C /* Project object */ = {
			isa = PBXProject;
			attributes = {
				LastSwiftUpdateCheck = 1010;
				LastUpgradeCheck = 1010;
				ORGANIZATIONNAME = dede.exe;
				TargetAttributes = {
					A8C6F58822007FF100791E3C = {
						CreatedOnToolsVersion = 10.1;
					};
					A8C6F59C22007FF300791E3C = {
						CreatedOnToolsVersion = 10.1;
						TestTargetID = A8C6F58822007FF100791E3C;
					};
				};
			};
			buildConfigurationList = A8C6F58422007FF100791E3C /* Build configuration list for PBXProject "Currencies" */;
			compatibilityVersion = "Xcode 9.3";
			developmentRegion = en;
			hasScannedForEncodings = 0;
			knownRegions = (
				en,
				Base,
			);
			mainGroup = A8C6F58022007FF100791E3C;
			productRefGroup = A8C6F58A22007FF100791E3C /* Products */;
			projectDirPath = "";
			projectRoot = "";
			targets = (
				A8C6F58822007FF100791E3C /* Currencies */,
				A8C6F59C22007FF300791E3C /* CurrenciesTests */,
			);
		};
/* End PBXProject section */

/* Begin PBXResourcesBuildPhase section */
		A8C6F58722007FF100791E3C /* Resources */ = {
			isa = PBXResourcesBuildPhase;
			buildActionMask = 2147483647;
			files = (
				A8C6F59722007FF300791E3C /* LaunchScreen.storyboard in Resources */,
				A8C6F5B62200848B00791E3C /* CurrenciesListUIView.xib in Resources */,
				A8C6F59422007FF300791E3C /* Assets.xcassets in Resources */,
				A8C6F59222007FF100791E3C /* Main.storyboard in Resources */,
			);
			runOnlyForDeploymentPostprocessing = 0;
		};
		A8C6F59B22007FF300791E3C /* Resources */ = {
			isa = PBXResourcesBuildPhase;
			buildActionMask = 2147483647;
			files = (
			);
			runOnlyForDeploymentPostprocessing = 0;
		};
/* End PBXResourcesBuildPhase section */

/* Begin PBXSourcesBuildPhase section */
		A8C6F58522007FF100791E3C /* Sources */ = {
			isa = PBXSourcesBuildPhase;
			buildActionMask = 2147483647;
			files = (
				A8C6F58F22007FF100791E3C /* CurrenciesListviewController.swift in Sources */,
				A8C6F5B42200828200791E3C /* CurrenciesListUI.swift in Sources */,
				A8C6F58D22007FF100791E3C /* AppDelegate.swift in Sources */,
				A8C6F5B12200806100791E3C /* BaseViewController.swift in Sources */,
			);
			runOnlyForDeploymentPostprocessing = 0;
		};
		A8C6F59922007FF300791E3C /* Sources */ = {
			isa = PBXSourcesBuildPhase;
			buildActionMask = 2147483647;
			files = (
				A8C6F5A222007FF300791E3C /* CurrenciesTests.swift in Sources */,
			);
			runOnlyForDeploymentPostprocessing = 0;
		};
/* End PBXSourcesBuildPhase section */

/* Begin PBXTargetDependency section */
		A8C6F59F22007FF300791E3C /* PBXTargetDependency */ = {
			isa = PBXTargetDependency;
			target = A8C6F58822007FF100791E3C /* Currencies */;
			targetProxy = A8C6F59E22007FF300791E3C /* PBXContainerItemProxy */;
		};
/* End PBXTargetDependency section */

/* Begin PBXVariantGroup section */
		A8C6F59022007FF100791E3C /* Main.storyboard */ = {
			isa = PBXVariantGroup;
			children = (
				A8C6F59122007FF100791E3C /* Base */,
			);
			name = Main.storyboard;
			sourceTree = "<group>";
		};
		A8C6F59522007FF300791E3C /* LaunchScreen.storyboard */ = {
			isa = PBXVariantGroup;
			children = (
				A8C6F59622007FF300791E3C /* Base */,
			);
			name = LaunchScreen.storyboard;
			sourceTree = "<group>";
		};
/* End PBXVariantGroup section */

/* Begin XCBuildConfiguration section */
		A8C6F5A422007FF300791E3C /* Debug */ = {
			isa = XCBuildConfiguration;
			buildSettings = {
				ALWAYS_SEARCH_USER_PATHS = NO;
				CLANG_ANALYZER_NONNULL = YES;
				CLANG_ANALYZER_NUMBER_OBJECT_CONVERSION = YES_AGGRESSIVE;
				CLANG_CXX_LANGUAGE_STANDARD = "gnu++14";
				CLANG_CXX_LIBRARY = "libc++";
				CLANG_ENABLE_MODULES = YES;
				CLANG_ENABLE_OBJC_ARC = YES;
				CLANG_ENABLE_OBJC_WEAK = YES;
				CLANG_WARN_BLOCK_CAPTURE_AUTORELEASING = YES;
				CLANG_WARN_BOOL_CONVERSION = YES;
				CLANG_WARN_COMMA = YES;
				CLANG_WARN_CONSTANT_CONVERSION = YES;
				CLANG_WARN_DEPRECATED_OBJC_IMPLEMENTATIONS = YES;
				CLANG_WARN_DIRECT_OBJC_ISA_USAGE = YES_ERROR;
				CLANG_WARN_DOCUMENTATION_COMMENTS = YES;
				CLANG_WARN_EMPTY_BODY = YES;
				CLANG_WARN_ENUM_CONVERSION = YES;
				CLANG_WARN_INFINITE_RECURSION = YES;
				CLANG_WARN_INT_CONVERSION = YES;
				CLANG_WARN_NON_LITERAL_NULL_CONVERSION = YES;
				CLANG_WARN_OBJC_IMPLICIT_RETAIN_SELF = YES;
				CLANG_WARN_OBJC_LITERAL_CONVERSION = YES;
				CLANG_WARN_OBJC_ROOT_CLASS = YES_ERROR;
				CLANG_WARN_RANGE_LOOP_ANALYSIS = YES;
				CLANG_WARN_STRICT_PROTOTYPES = YES;
				CLANG_WARN_SUSPICIOUS_MOVE = YES;
				CLANG_WARN_UNGUARDED_AVAILABILITY = YES_AGGRESSIVE;
				CLANG_WARN_UNREACHABLE_CODE = YES;
				CLANG_WARN__DUPLICATE_METHOD_MATCH = YES;
				CODE_SIGN_IDENTITY = "iPhone Developer";
				COPY_PHASE_STRIP = NO;
				DEBUG_INFORMATION_FORMAT = dwarf;
				ENABLE_STRICT_OBJC_MSGSEND = YES;
				ENABLE_TESTABILITY = YES;
				GCC_C_LANGUAGE_STANDARD = gnu11;
				GCC_DYNAMIC_NO_PIC = NO;
				GCC_NO_COMMON_BLOCKS = YES;
				GCC_OPTIMIZATION_LEVEL = 0;
				GCC_PREPROCESSOR_DEFINITIONS = (
					"DEBUG=1",
					"$(inherited)",
				);
				GCC_WARN_64_TO_32_BIT_CONVERSION = YES;
				GCC_WARN_ABOUT_RETURN_TYPE = YES_ERROR;
				GCC_WARN_UNDECLARED_SELECTOR = YES;
				GCC_WARN_UNINITIALIZED_AUTOS = YES_AGGRESSIVE;
				GCC_WARN_UNUSED_FUNCTION = YES;
				GCC_WARN_UNUSED_VARIABLE = YES;
				IPHONEOS_DEPLOYMENT_TARGET = 12.1;
				MTL_ENABLE_DEBUG_INFO = INCLUDE_SOURCE;
				MTL_FAST_MATH = YES;
				ONLY_ACTIVE_ARCH = YES;
				SDKROOT = iphoneos;
				SWIFT_ACTIVE_COMPILATION_CONDITIONS = DEBUG;
				SWIFT_OPTIMIZATION_LEVEL = "-Onone";
			};
			name = Debug;
		};
		A8C6F5A522007FF300791E3C /* Release */ = {
			isa = XCBuildConfiguration;
			buildSettings = {
				ALWAYS_SEARCH_USER_PATHS = NO;
				CLANG_ANALYZER_NONNULL = YES;
				CLANG_ANALYZER_NUMBER_OBJECT_CONVERSION = YES_AGGRESSIVE;
				CLANG_CXX_LANGUAGE_STANDARD = "gnu++14";
				CLANG_CXX_LIBRARY = "libc++";
				CLANG_ENABLE_MODULES = YES;
				CLANG_ENABLE_OBJC_ARC = YES;
				CLANG_ENABLE_OBJC_WEAK = YES;
				CLANG_WARN_BLOCK_CAPTURE_AUTORELEASING = YES;
				CLANG_WARN_BOOL_CONVERSION = YES;
				CLANG_WARN_COMMA = YES;
				CLANG_WARN_CONSTANT_CONVERSION = YES;
				CLANG_WARN_DEPRECATED_OBJC_IMPLEMENTATIONS = YES;
				CLANG_WARN_DIRECT_OBJC_ISA_USAGE = YES_ERROR;
				CLANG_WARN_DOCUMENTATION_COMMENTS = YES;
				CLANG_WARN_EMPTY_BODY = YES;
				CLANG_WARN_ENUM_CONVERSION = YES;
				CLANG_WARN_INFINITE_RECURSION = YES;
				CLANG_WARN_INT_CONVERSION = YES;
				CLANG_WARN_NON_LITERAL_NULL_CONVERSION = YES;
				CLANG_WARN_OBJC_IMPLICIT_RETAIN_SELF = YES;
				CLANG_WARN_OBJC_LITERAL_CONVERSION = YES;
				CLANG_WARN_OBJC_ROOT_CLASS = YES_ERROR;
				CLANG_WARN_RANGE_LOOP_ANALYSIS = YES;
				CLANG_WARN_STRICT_PROTOTYPES = YES;
				CLANG_WARN_SUSPICIOUS_MOVE = YES;
				CLANG_WARN_UNGUARDED_AVAILABILITY = YES_AGGRESSIVE;
				CLANG_WARN_UNREACHABLE_CODE = YES;
				CLANG_WARN__DUPLICATE_METHOD_MATCH = YES;
				CODE_SIGN_IDENTITY = "iPhone Developer";
				COPY_PHASE_STRIP = NO;
				DEBUG_INFORMATION_FORMAT = "dwarf-with-dsym";
				ENABLE_NS_ASSERTIONS = NO;
				ENABLE_STRICT_OBJC_MSGSEND = YES;
				GCC_C_LANGUAGE_STANDARD = gnu11;
				GCC_NO_COMMON_BLOCKS = YES;
				GCC_WARN_64_TO_32_BIT_CONVERSION = YES;
				GCC_WARN_ABOUT_RETURN_TYPE = YES_ERROR;
				GCC_WARN_UNDECLARED_SELECTOR = YES;
				GCC_WARN_UNINITIALIZED_AUTOS = YES_AGGRESSIVE;
				GCC_WARN_UNUSED_FUNCTION = YES;
				GCC_WARN_UNUSED_VARIABLE = YES;
				IPHONEOS_DEPLOYMENT_TARGET = 12.1;
				MTL_ENABLE_DEBUG_INFO = NO;
				MTL_FAST_MATH = YES;
				SDKROOT = iphoneos;
				SWIFT_COMPILATION_MODE = wholemodule;
				SWIFT_OPTIMIZATION_LEVEL = "-O";
				VALIDATE_PRODUCT = YES;
			};
			name = Release;
		};
		A8C6F5A722007FF300791E3C /* Debug */ = {
			isa = XCBuildConfiguration;
			buildSettings = {
				ASSETCATALOG_COMPILER_APPICON_NAME = AppIcon;
				CODE_SIGN_STYLE = Automatic;
				INFOPLIST_FILE = Currencies/Info.plist;
				LD_RUNPATH_SEARCH_PATHS = (
					"$(inherited)",
					"@executable_path/Frameworks",
				);
				PRODUCT_BUNDLE_IDENTIFIER = exe.dede.Currencies;
				PRODUCT_NAME = "$(TARGET_NAME)";
				SWIFT_VERSION = 4.2;
				TARGETED_DEVICE_FAMILY = "1,2";
			};
			name = Debug;
		};
		A8C6F5A822007FF300791E3C /* Release */ = {
			isa = XCBuildConfiguration;
			buildSettings = {
				ASSETCATALOG_COMPILER_APPICON_NAME = AppIcon;
				CODE_SIGN_STYLE = Automatic;
				INFOPLIST_FILE = Currencies/Info.plist;
				LD_RUNPATH_SEARCH_PATHS = (
					"$(inherited)",
					"@executable_path/Frameworks",
				);
				PRODUCT_BUNDLE_IDENTIFIER = exe.dede.Currencies;
				PRODUCT_NAME = "$(TARGET_NAME)";
				SWIFT_VERSION = 4.2;
				TARGETED_DEVICE_FAMILY = "1,2";
			};
			name = Release;
		};
		A8C6F5AA22007FF300791E3C /* Debug */ = {
			isa = XCBuildConfiguration;
			buildSettings = {
				ALWAYS_EMBED_SWIFT_STANDARD_LIBRARIES = YES;
				BUNDLE_LOADER = "$(TEST_HOST)";
				CODE_SIGN_STYLE = Automatic;
				INFOPLIST_FILE = CurrenciesTests/Info.plist;
				LD_RUNPATH_SEARCH_PATHS = (
					"$(inherited)",
					"@executable_path/Frameworks",
					"@loader_path/Frameworks",
				);
				PRODUCT_BUNDLE_IDENTIFIER = exe.dede.CurrenciesTests;
				PRODUCT_NAME = "$(TARGET_NAME)";
				SWIFT_VERSION = 4.2;
				TARGETED_DEVICE_FAMILY = "1,2";
				TEST_HOST = "$(BUILT_PRODUCTS_DIR)/Currencies.app/Currencies";
			};
			name = Debug;
		};
		A8C6F5AB22007FF300791E3C /* Release */ = {
			isa = XCBuildConfiguration;
			buildSettings = {
				ALWAYS_EMBED_SWIFT_STANDARD_LIBRARIES = YES;
				BUNDLE_LOADER = "$(TEST_HOST)";
				CODE_SIGN_STYLE = Automatic;
				INFOPLIST_FILE = CurrenciesTests/Info.plist;
				LD_RUNPATH_SEARCH_PATHS = (
					"$(inherited)",
					"@executable_path/Frameworks",
					"@loader_path/Frameworks",
				);
				PRODUCT_BUNDLE_IDENTIFIER = exe.dede.CurrenciesTests;
				PRODUCT_NAME = "$(TARGET_NAME)";
				SWIFT_VERSION = 4.2;
				TARGETED_DEVICE_FAMILY = "1,2";
				TEST_HOST = "$(BUILT_PRODUCTS_DIR)/Currencies.app/Currencies";
			};
			name = Release;
		};
/* End XCBuildConfiguration section */

/* Begin XCConfigurationList section */
		A8C6F58422007FF100791E3C /* Build configuration list for PBXProject "Currencies" */ = {
			isa = XCConfigurationList;
			buildConfigurations = (
				A8C6F5A422007FF300791E3C /* Debug */,
				A8C6F5A522007FF300791E3C /* Release */,
			);
			defaultConfigurationIsVisible = 0;
			defaultConfigurationName = Release;
		};
		A8C6F5A622007FF300791E3C /* Build configuration list for PBXNativeTarget "Currencies" */ = {
			isa = XCConfigurationList;
			buildConfigurations = (
				A8C6F5A722007FF300791E3C /* Debug */,
				A8C6F5A822007FF300791E3C /* Release */,
			);
			defaultConfigurationIsVisible = 0;
			defaultConfigurationName = Release;
		};
		A8C6F5A922007FF300791E3C /* Build configuration list for PBXNativeTarget "CurrenciesTests" */ = {
			isa = XCConfigurationList;
			buildConfigurations = (
				A8C6F5AA22007FF300791E3C /* Debug */,
				A8C6F5AB22007FF300791E3C /* Release */,
			);
			defaultConfigurationIsVisible = 0;
			defaultConfigurationName = Release;
		};
/* End XCConfigurationList section */
	};
	rootObject = A8C6F58122007FF100791E3C /* Project object */;
}
