// !$*UTF8*$!
{
	archiveVersion = 1;
	classes = {
	};
	objectVersion = 50;
	objects = {

/* Begin PBXBuildFile section */
		91F21E402202809B000B72B8 /* UIVIew+Instanciation.swift in Sources */ = {isa = PBXBuildFile; fileRef = 91F21E3F2202809B000B72B8 /* UIVIew+Instanciation.swift */; };
		91F21E4722028350000B72B8 /* TableView+Reusable.swift in Sources */ = {isa = PBXBuildFile; fileRef = 91F21E4622028350000B72B8 /* TableView+Reusable.swift */; };
		91F21E5422028EE8000B72B8 /* CurrencyService.swift in Sources */ = {isa = PBXBuildFile; fileRef = 91F21E5322028EE8000B72B8 /* CurrencyService.swift */; };
		91F21E582203C719000B72B8 /* WebService.swift in Sources */ = {isa = PBXBuildFile; fileRef = 91F21E572203C719000B72B8 /* WebService.swift */; };
		91F21E5A2203C74F000B72B8 /* EndPoint.swift in Sources */ = {isa = PBXBuildFile; fileRef = 91F21E592203C74F000B72B8 /* EndPoint.swift */; };
		91F21E5C2203C781000B72B8 /* RequestEncoding.swift in Sources */ = {isa = PBXBuildFile; fileRef = 91F21E5B2203C781000B72B8 /* RequestEncoding.swift */; };
		91F21E5E2203C78F000B72B8 /* RequestMethod.swift in Sources */ = {isa = PBXBuildFile; fileRef = 91F21E5D2203C78F000B72B8 /* RequestMethod.swift */; };
		91F21E602203C7B4000B72B8 /* RequestResult.swift in Sources */ = {isa = PBXBuildFile; fileRef = 91F21E5F2203C7B4000B72B8 /* RequestResult.swift */; };
		91F21E622203C8E8000B72B8 /* Dictionary+Encoder.swift in Sources */ = {isa = PBXBuildFile; fileRef = 91F21E612203C8E8000B72B8 /* Dictionary+Encoder.swift */; };
		91F21E652203CB77000B72B8 /* Config.swift in Sources */ = {isa = PBXBuildFile; fileRef = 91F21E642203CB77000B72B8 /* Config.swift */; };
		A88BEE74220876700081E55F /* CurrenciesConfigurator.swift in Sources */ = {isa = PBXBuildFile; fileRef = A88BEE73220876700081E55F /* CurrenciesConfigurator.swift */; };
		A88BEE76220877860081E55F /* CurrenciesInterfaces.swift in Sources */ = {isa = PBXBuildFile; fileRef = A88BEE75220877860081E55F /* CurrenciesInterfaces.swift */; };
		A88BEE79220878650081E55F /* Serializable.swift in Sources */ = {isa = PBXBuildFile; fileRef = A88BEE78220878650081E55F /* Serializable.swift */; };
		A88BEE7B22087CBE0081E55F /* CurrencyInfo.swift in Sources */ = {isa = PBXBuildFile; fileRef = A88BEE7A22087CBE0081E55F /* CurrencyInfo.swift */; };
		A88BEE802208906D0081E55F /* CurrencyType.swift in Sources */ = {isa = PBXBuildFile; fileRef = A88BEE7F2208906D0081E55F /* CurrencyType.swift */; };
		A88BEE82220894320081E55F /* CurrenciesInteractor.swift in Sources */ = {isa = PBXBuildFile; fileRef = A88BEE81220894320081E55F /* CurrenciesInteractor.swift */; };
		A88BEE852208B7100081E55F /* CurrencyView.xib in Resources */ = {isa = PBXBuildFile; fileRef = A88BEE842208B7100081E55F /* CurrencyView.xib */; };
		A88BEE872208B7250081E55F /* CurrencyView.swift in Sources */ = {isa = PBXBuildFile; fileRef = A88BEE862208B7250081E55F /* CurrencyView.swift */; };
		A88BEE8A2208BE000081E55F /* CurrencyCell.swift in Sources */ = {isa = PBXBuildFile; fileRef = A88BEE892208BE000081E55F /* CurrencyCell.swift */; };
		A88BEE8D2208C4F60081E55F /* CurrencyTableHandler.swift in Sources */ = {isa = PBXBuildFile; fileRef = A88BEE8C2208C4F60081E55F /* CurrencyTableHandler.swift */; };
		A88BEE902208C9A80081E55F /* CurrencyCellViewModel.swift in Sources */ = {isa = PBXBuildFile; fileRef = A88BEE8F2208C9A80081E55F /* CurrencyCellViewModel.swift */; };
		A8C6F58D22007FF100791E3C /* AppDelegate.swift in Sources */ = {isa = PBXBuildFile; fileRef = A8C6F58C22007FF100791E3C /* AppDelegate.swift */; };
		A8C6F58F22007FF100791E3C /* CurrenciesViewController.swift in Sources */ = {isa = PBXBuildFile; fileRef = A8C6F58E22007FF100791E3C /* CurrenciesViewController.swift */; };
		A8C6F59422007FF300791E3C /* Assets.xcassets in Resources */ = {isa = PBXBuildFile; fileRef = A8C6F59322007FF300791E3C /* Assets.xcassets */; };
		A8C6F59722007FF300791E3C /* LaunchScreen.storyboard in Resources */ = {isa = PBXBuildFile; fileRef = A8C6F59522007FF300791E3C /* LaunchScreen.storyboard */; };
		A8C6F5A222007FF300791E3C /* CurrenciesTests.swift in Sources */ = {isa = PBXBuildFile; fileRef = A8C6F5A122007FF300791E3C /* CurrenciesTests.swift */; };
		A8C6F5B12200806100791E3C /* BaseViewController.swift in Sources */ = {isa = PBXBuildFile; fileRef = A8C6F5B02200806100791E3C /* BaseViewController.swift */; };
		A8C6F5B42200828200791E3C /* CurrenciesListUIView.swift in Sources */ = {isa = PBXBuildFile; fileRef = A8C6F5B32200828200791E3C /* CurrenciesListUIView.swift */; };
		A8C6F5B62200848B00791E3C /* CurrenciesListUIView.xib in Resources */ = {isa = PBXBuildFile; fileRef = A8C6F5B52200848B00791E3C /* CurrenciesListUIView.xib */; };
/* End PBXBuildFile section */

/* Begin PBXContainerItemProxy section */
		A8C6F59E22007FF300791E3C /* PBXContainerItemProxy */ = {
			isa = PBXContainerItemProxy;
			containerPortal = A8C6F58122007FF100791E3C /* Project object */;
			proxyType = 1;
			remoteGlobalIDString = A8C6F58822007FF100791E3C;
			remoteInfo = Currencies;
		};
/* End PBXContainerItemProxy section */

/* Begin PBXFileReference section */
		91F21E3F2202809B000B72B8 /* UIVIew+Instanciation.swift */ = {isa = PBXFileReference; fileEncoding = 4; lastKnownFileType = sourcecode.swift; path = "UIVIew+Instanciation.swift"; sourceTree = "<group>"; };
		91F21E4622028350000B72B8 /* TableView+Reusable.swift */ = {isa = PBXFileReference; fileEncoding = 4; lastKnownFileType = sourcecode.swift; path = "TableView+Reusable.swift"; sourceTree = "<group>"; };
		91F21E5322028EE8000B72B8 /* CurrencyService.swift */ = {isa = PBXFileReference; lastKnownFileType = sourcecode.swift; path = CurrencyService.swift; sourceTree = "<group>"; };
		91F21E572203C719000B72B8 /* WebService.swift */ = {isa = PBXFileReference; lastKnownFileType = sourcecode.swift; path = WebService.swift; sourceTree = "<group>"; };
		91F21E592203C74F000B72B8 /* EndPoint.swift */ = {isa = PBXFileReference; lastKnownFileType = sourcecode.swift; path = EndPoint.swift; sourceTree = "<group>"; };
		91F21E5B2203C781000B72B8 /* RequestEncoding.swift */ = {isa = PBXFileReference; lastKnownFileType = sourcecode.swift; path = RequestEncoding.swift; sourceTree = "<group>"; };
		91F21E5D2203C78F000B72B8 /* RequestMethod.swift */ = {isa = PBXFileReference; lastKnownFileType = sourcecode.swift; path = RequestMethod.swift; sourceTree = "<group>"; };
		91F21E5F2203C7B4000B72B8 /* RequestResult.swift */ = {isa = PBXFileReference; lastKnownFileType = sourcecode.swift; path = RequestResult.swift; sourceTree = "<group>"; };
		91F21E612203C8E8000B72B8 /* Dictionary+Encoder.swift */ = {isa = PBXFileReference; lastKnownFileType = sourcecode.swift; path = "Dictionary+Encoder.swift"; sourceTree = "<group>"; };
		91F21E642203CB77000B72B8 /* Config.swift */ = {isa = PBXFileReference; lastKnownFileType = sourcecode.swift; path = Config.swift; sourceTree = "<group>"; };
		A88BEE73220876700081E55F /* CurrenciesConfigurator.swift */ = {isa = PBXFileReference; lastKnownFileType = sourcecode.swift; path = CurrenciesConfigurator.swift; sourceTree = "<group>"; };
		A88BEE75220877860081E55F /* CurrenciesInterfaces.swift */ = {isa = PBXFileReference; lastKnownFileType = sourcecode.swift; path = CurrenciesInterfaces.swift; sourceTree = "<group>"; };
		A88BEE78220878650081E55F /* Serializable.swift */ = {isa = PBXFileReference; lastKnownFileType = sourcecode.swift; path = Serializable.swift; sourceTree = "<group>"; };
		A88BEE7A22087CBE0081E55F /* CurrencyInfo.swift */ = {isa = PBXFileReference; lastKnownFileType = sourcecode.swift; path = CurrencyInfo.swift; sourceTree = "<group>"; };
		A88BEE7F2208906D0081E55F /* CurrencyType.swift */ = {isa = PBXFileReference; lastKnownFileType = sourcecode.swift; path = CurrencyType.swift; sourceTree = "<group>"; };
		A88BEE81220894320081E55F /* CurrenciesInteractor.swift */ = {isa = PBXFileReference; lastKnownFileType = sourcecode.swift; path = CurrenciesInteractor.swift; sourceTree = "<group>"; };
		A88BEE842208B7100081E55F /* CurrencyView.xib */ = {isa = PBXFileReference; lastKnownFileType = file.xib; path = CurrencyView.xib; sourceTree = "<group>"; };
		A88BEE862208B7250081E55F /* CurrencyView.swift */ = {isa = PBXFileReference; lastKnownFileType = sourcecode.swift; path = CurrencyView.swift; sourceTree = "<group>"; };
		A88BEE892208BE000081E55F /* CurrencyCell.swift */ = {isa = PBXFileReference; lastKnownFileType = sourcecode.swift; path = CurrencyCell.swift; sourceTree = "<group>"; };
		A88BEE8C2208C4F60081E55F /* CurrencyTableHandler.swift */ = {isa = PBXFileReference; lastKnownFileType = sourcecode.swift; path = CurrencyTableHandler.swift; sourceTree = "<group>"; };
		A88BEE8F2208C9A80081E55F /* CurrencyCellViewModel.swift */ = {isa = PBXFileReference; lastKnownFileType = sourcecode.swift; path = CurrencyCellViewModel.swift; sourceTree = "<group>"; };
		A8C6F58922007FF100791E3C /* Currencies.app */ = {isa = PBXFileReference; explicitFileType = wrapper.application; includeInIndex = 0; path = Currencies.app; sourceTree = BUILT_PRODUCTS_DIR; };
		A8C6F58C22007FF100791E3C /* AppDelegate.swift */ = {isa = PBXFileReference; lastKnownFileType = sourcecode.swift; path = AppDelegate.swift; sourceTree = "<group>"; };
		A8C6F58E22007FF100791E3C /* CurrenciesViewController.swift */ = {isa = PBXFileReference; lastKnownFileType = sourcecode.swift; path = CurrenciesViewController.swift; sourceTree = "<group>"; };
		A8C6F59322007FF300791E3C /* Assets.xcassets */ = {isa = PBXFileReference; lastKnownFileType = folder.assetcatalog; path = Assets.xcassets; sourceTree = "<group>"; };
		A8C6F59622007FF300791E3C /* Base */ = {isa = PBXFileReference; lastKnownFileType = file.storyboard; name = Base; path = Base.lproj/LaunchScreen.storyboard; sourceTree = "<group>"; };
		A8C6F59822007FF300791E3C /* Info.plist */ = {isa = PBXFileReference; lastKnownFileType = text.plist.xml; path = Info.plist; sourceTree = "<group>"; };
		A8C6F59D22007FF300791E3C /* CurrenciesTests.xctest */ = {isa = PBXFileReference; explicitFileType = wrapper.cfbundle; includeInIndex = 0; path = CurrenciesTests.xctest; sourceTree = BUILT_PRODUCTS_DIR; };
		A8C6F5A122007FF300791E3C /* CurrenciesTests.swift */ = {isa = PBXFileReference; lastKnownFileType = sourcecode.swift; path = CurrenciesTests.swift; sourceTree = "<group>"; };
		A8C6F5A322007FF300791E3C /* Info.plist */ = {isa = PBXFileReference; lastKnownFileType = text.plist.xml; path = Info.plist; sourceTree = "<group>"; };
		A8C6F5B02200806100791E3C /* BaseViewController.swift */ = {isa = PBXFileReference; lastKnownFileType = sourcecode.swift; path = BaseViewController.swift; sourceTree = "<group>"; };
		A8C6F5B32200828200791E3C /* CurrenciesListUIView.swift */ = {isa = PBXFileReference; lastKnownFileType = sourcecode.swift; path = CurrenciesListUIView.swift; sourceTree = "<group>"; };
		A8C6F5B52200848B00791E3C /* CurrenciesListUIView.xib */ = {isa = PBXFileReference; lastKnownFileType = file.xib; path = CurrenciesListUIView.xib; sourceTree = "<group>"; };
/* End PBXFileReference section */

/* Begin PBXFrameworksBuildPhase section */
		A8C6F58622007FF100791E3C /* Frameworks */ = {
			isa = PBXFrameworksBuildPhase;
			buildActionMask = 2147483647;
			files = (
			);
			runOnlyForDeploymentPostprocessing = 0;
		};
		A8C6F59A22007FF300791E3C /* Frameworks */ = {
			isa = PBXFrameworksBuildPhase;
			buildActionMask = 2147483647;
			files = (
			);
			runOnlyForDeploymentPostprocessing = 0;
		};
/* End PBXFrameworksBuildPhase section */

/* Begin PBXGroup section */
		91F21E3E2202805B000B72B8 /* Extensions */ = {
			isa = PBXGroup;
			children = (
				91F21E3F2202809B000B72B8 /* UIVIew+Instanciation.swift */,
			);
			path = Extensions;
			sourceTree = "<group>";
		};
		91F21E41220280E3000B72B8 /* Protocols */ = {
			isa = PBXGroup;
			children = (
				91F21E4622028350000B72B8 /* TableView+Reusable.swift */,
				A88BEE78220878650081E55F /* Serializable.swift */,
			);
			path = Protocols;
			sourceTree = "<group>";
		};
		91F21E5122028E76000B72B8 /* Services */ = {
			isa = PBXGroup;
			children = (
				91F21E5322028EE8000B72B8 /* CurrencyService.swift */,
			);
			path = Services;
			sourceTree = "<group>";
		};
		91F21E562203C6E9000B72B8 /* Networking */ = {
			isa = PBXGroup;
			children = (
				91F21E572203C719000B72B8 /* WebService.swift */,
				91F21E5D2203C78F000B72B8 /* RequestMethod.swift */,
				91F21E592203C74F000B72B8 /* EndPoint.swift */,
				91F21E5B2203C781000B72B8 /* RequestEncoding.swift */,
				91F21E5F2203C7B4000B72B8 /* RequestResult.swift */,
				91F21E612203C8E8000B72B8 /* Dictionary+Encoder.swift */,
			);
			path = Networking;
			sourceTree = "<group>";
		};
		91F21E632203CB6D000B72B8 /* App */ = {
			isa = PBXGroup;
			children = (
				91F21E642203CB77000B72B8 /* Config.swift */,
			);
			path = App;
			sourceTree = "<group>";
		};
		A88BEE77220878440081E55F /* Model */ = {
			isa = PBXGroup;
			children = (
				A88BEE7A22087CBE0081E55F /* CurrencyInfo.swift */,
				A88BEE7F2208906D0081E55F /* CurrencyType.swift */,
			);
			path = Model;
			sourceTree = "<group>";
		};
		A88BEE832208B6B70081E55F /* Views */ = {
			isa = PBXGroup;
			children = (
				A88BEE842208B7100081E55F /* CurrencyView.xib */,
				A88BEE862208B7250081E55F /* CurrencyView.swift */,
			);
			path = Views;
			sourceTree = "<group>";
		};
		A88BEE882208BC4F0081E55F /* Cells */ = {
			isa = PBXGroup;
			children = (
				A88BEE892208BE000081E55F /* CurrencyCell.swift */,
			);
			path = Cells;
			sourceTree = "<group>";
		};
		A88BEE8B2208C4D70081E55F /* TableHandler */ = {
			isa = PBXGroup;
			children = (
				A88BEE8C2208C4F60081E55F /* CurrencyTableHandler.swift */,
			);
			path = TableHandler;
			sourceTree = "<group>";
		};
		A88BEE8E2208C9930081E55F /* ViewModel */ = {
			isa = PBXGroup;
			children = (
				A88BEE8F2208C9A80081E55F /* CurrencyCellViewModel.swift */,
			);
			path = ViewModel;
			sourceTree = "<group>";
		};
		A8C6F58022007FF100791E3C = {
			isa = PBXGroup;
			children = (
				A8C6F58B22007FF100791E3C /* Currencies */,
				A8C6F5A022007FF300791E3C /* CurrenciesTests */,
				A8C6F58A22007FF100791E3C /* Products */,
			);
			sourceTree = "<group>";
		};
		A8C6F58A22007FF100791E3C /* Products */ = {
			isa = PBXGroup;
			children = (
				A8C6F58922007FF100791E3C /* Currencies.app */,
				A8C6F59D22007FF300791E3C /* CurrenciesTests.xctest */,
			);
			name = Products;
			sourceTree = "<group>";
		};
		A8C6F58B22007FF100791E3C /* Currencies */ = {
			isa = PBXGroup;
			children = (
				91F21E632203CB6D000B72B8 /* App */,
				A8C6F5AE2200804B00791E3C /* Common */,
				A8C6F5AC2200801E00791E3C /* Scene */,
				A8C6F58C22007FF100791E3C /* AppDelegate.swift */,
				A8C6F59322007FF300791E3C /* Assets.xcassets */,
				A8C6F59522007FF300791E3C /* LaunchScreen.storyboard */,
				A8C6F59822007FF300791E3C /* Info.plist */,
			);
			path = Currencies;
			sourceTree = "<group>";
		};
		A8C6F5A022007FF300791E3C /* CurrenciesTests */ = {
			isa = PBXGroup;
			children = (
				A8C6F5A122007FF300791E3C /* CurrenciesTests.swift */,
				A8C6F5A322007FF300791E3C /* Info.plist */,
			);
			path = CurrenciesTests;
			sourceTree = "<group>";
		};
		A8C6F5AC2200801E00791E3C /* Scene */ = {
			isa = PBXGroup;
			children = (
				A8C6F5AD2200802300791E3C /* CurrenciesList */,
			);
			path = Scene;
			sourceTree = "<group>";
		};
		A8C6F5AD2200802300791E3C /* CurrenciesList */ = {
			isa = PBXGroup;
			children = (
				A88BEE8E2208C9930081E55F /* ViewModel */,
				A8C6F5B22200814900791E3C /* UI */,
				A8C6F58E22007FF100791E3C /* CurrenciesViewController.swift */,
				A88BEE73220876700081E55F /* CurrenciesConfigurator.swift */,
				A88BEE75220877860081E55F /* CurrenciesInterfaces.swift */,
				A88BEE81220894320081E55F /* CurrenciesInteractor.swift */,
			);
			path = CurrenciesList;
			sourceTree = "<group>";
		};
		A8C6F5AE2200804B00791E3C /* Common */ = {
			isa = PBXGroup;
			children = (
				A88BEE77220878440081E55F /* Model */,
				91F21E562203C6E9000B72B8 /* Networking */,
				91F21E5122028E76000B72B8 /* Services */,
				91F21E41220280E3000B72B8 /* Protocols */,
				91F21E3E2202805B000B72B8 /* Extensions */,
				A8C6F5AF2200805000791E3C /* ViewController */,
			);
			path = Common;
			sourceTree = "<group>";
		};
		A8C6F5AF2200805000791E3C /* ViewController */ = {
			isa = PBXGroup;
			children = (
				A8C6F5B02200806100791E3C /* BaseViewController.swift */,
			);
			path = ViewController;
			sourceTree = "<group>";
		};
		A8C6F5B22200814900791E3C /* UI */ = {
			isa = PBXGroup;
			children = (
				A88BEE8B2208C4D70081E55F /* TableHandler */,
				A88BEE882208BC4F0081E55F /* Cells */,
				A88BEE832208B6B70081E55F /* Views */,
				A8C6F5B32200828200791E3C /* CurrenciesListUIView.swift */,
				A8C6F5B52200848B00791E3C /* CurrenciesListUIView.xib */,
			);
			path = UI;
			sourceTree = "<group>";
		};
/* End PBXGroup section */

/* Begin PBXNativeTarget section */
		A8C6F58822007FF100791E3C /* Currencies */ = {
			isa = PBXNativeTarget;
			buildConfigurationList = A8C6F5A622007FF300791E3C /* Build configuration list for PBXNativeTarget "Currencies" */;
			buildPhases = (
				A8C6F58522007FF100791E3C /* Sources */,
				A8C6F58622007FF100791E3C /* Frameworks */,
				A8C6F58722007FF100791E3C /* Resources */,
			);
			buildRules = (
			);
			dependencies = (
			);
			name = Currencies;
			productName = Currencies;
			productReference = A8C6F58922007FF100791E3C /* Currencies.app */;
			productType = "com.apple.product-type.application";
		};
		A8C6F59C22007FF300791E3C /* CurrenciesTests */ = {
			isa = PBXNativeTarget;
			buildConfigurationList = A8C6F5A922007FF300791E3C /* Build configuration list for PBXNativeTarget "CurrenciesTests" */;
			buildPhases = (
				A8C6F59922007FF300791E3C /* Sources */,
				A8C6F59A22007FF300791E3C /* Frameworks */,
				A8C6F59B22007FF300791E3C /* Resources */,
			);
			buildRules = (
			);
			dependencies = (
				A8C6F59F22007FF300791E3C /* PBXTargetDependency */,
			);
			name = CurrenciesTests;
			productName = CurrenciesTests;
			productReference = A8C6F59D22007FF300791E3C /* CurrenciesTests.xctest */;
			productType = "com.apple.product-type.bundle.unit-test";
		};
/* End PBXNativeTarget section */

/* Begin PBXProject section */
		A8C6F58122007FF100791E3C /* Project object */ = {
			isa = PBXProject;
			attributes = {
				LastSwiftUpdateCheck = 1010;
				LastUpgradeCheck = 1010;
				ORGANIZATIONNAME = dede.exe;
				TargetAttributes = {
					A8C6F58822007FF100791E3C = {
						CreatedOnToolsVersion = 10.1;
					};
					A8C6F59C22007FF300791E3C = {
						CreatedOnToolsVersion = 10.1;
						TestTargetID = A8C6F58822007FF100791E3C;
					};
				};
			};
			buildConfigurationList = A8C6F58422007FF100791E3C /* Build configuration list for PBXProject "Currencies" */;
			compatibilityVersion = "Xcode 9.3";
			developmentRegion = en;
			hasScannedForEncodings = 0;
			knownRegions = (
				en,
				Base,
			);
			mainGroup = A8C6F58022007FF100791E3C;
			productRefGroup = A8C6F58A22007FF100791E3C /* Products */;
			projectDirPath = "";
			projectRoot = "";
			targets = (
				A8C6F58822007FF100791E3C /* Currencies */,
				A8C6F59C22007FF300791E3C /* CurrenciesTests */,
			);
		};
/* End PBXProject section */

/* Begin PBXResourcesBuildPhase section */
		A8C6F58722007FF100791E3C /* Resources */ = {
			isa = PBXResourcesBuildPhase;
			buildActionMask = 2147483647;
			files = (
				A8C6F59722007FF300791E3C /* LaunchScreen.storyboard in Resources */,
				A8C6F5B62200848B00791E3C /* CurrenciesListUIView.xib in Resources */,
				A8C6F59422007FF300791E3C /* Assets.xcassets in Resources */,
				A88BEE852208B7100081E55F /* CurrencyView.xib in Resources */,
			);
			runOnlyForDeploymentPostprocessing = 0;
		};
		A8C6F59B22007FF300791E3C /* Resources */ = {
			isa = PBXResourcesBuildPhase;
			buildActionMask = 2147483647;
			files = (
			);
			runOnlyForDeploymentPostprocessing = 0;
		};
/* End PBXResourcesBuildPhase section */

/* Begin PBXSourcesBuildPhase section */
		A8C6F58522007FF100791E3C /* Sources */ = {
			isa = PBXSourcesBuildPhase;
			buildActionMask = 2147483647;
			files = (
				91F21E602203C7B4000B72B8 /* RequestResult.swift in Sources */,
				91F21E582203C719000B72B8 /* WebService.swift in Sources */,
				91F21E5422028EE8000B72B8 /* CurrencyService.swift in Sources */,
				91F21E652203CB77000B72B8 /* Config.swift in Sources */,
				91F21E622203C8E8000B72B8 /* Dictionary+Encoder.swift in Sources */,
				A88BEE76220877860081E55F /* CurrenciesInterfaces.swift in Sources */,
				91F21E5E2203C78F000B72B8 /* RequestMethod.swift in Sources */,
				A8C6F58F22007FF100791E3C /* CurrenciesViewController.swift in Sources */,
				91F21E5A2203C74F000B72B8 /* EndPoint.swift in Sources */,
				A88BEE7B22087CBE0081E55F /* CurrencyInfo.swift in Sources */,
				A8C6F5B42200828200791E3C /* CurrenciesListUIView.swift in Sources */,
				A88BEE902208C9A80081E55F /* CurrencyCellViewModel.swift in Sources */,
				A8C6F58D22007FF100791E3C /* AppDelegate.swift in Sources */,
				A88BEE82220894320081E55F /* CurrenciesInteractor.swift in Sources */,
				A88BEE79220878650081E55F /* Serializable.swift in Sources */,
				91F21E4722028350000B72B8 /* TableView+Reusable.swift in Sources */,
				A88BEE802208906D0081E55F /* CurrencyType.swift in Sources */,
				A88BEE872208B7250081E55F /* CurrencyView.swift in Sources */,
				91F21E5C2203C781000B72B8 /* RequestEncoding.swift in Sources */,
				A88BEE74220876700081E55F /* CurrenciesConfigurator.swift in Sources */,
				91F21E402202809B000B72B8 /* UIVIew+Instanciation.swift in Sources */,
				A8C6F5B12200806100791E3C /* BaseViewController.swift in Sources */,
				A88BEE8D2208C4F60081E55F /* CurrencyTableHandler.swift in Sources */,
				A88BEE8A2208BE000081E55F /* CurrencyCell.swift in Sources */,
			);
			runOnlyForDeploymentPostprocessing = 0;
		};
		A8C6F59922007FF300791E3C /* Sources */ = {
			isa = PBXSourcesBuildPhase;
			buildActionMask = 2147483647;
			files = (
				A8C6F5A222007FF300791E3C /* CurrenciesTests.swift in Sources */,
			);
			runOnlyForDeploymentPostprocessing = 0;
		};
/* End PBXSourcesBuildPhase section */

/* Begin PBXTargetDependency section */
		A8C6F59F22007FF300791E3C /* PBXTargetDependency */ = {
			isa = PBXTargetDependency;
			target = A8C6F58822007FF100791E3C /* Currencies */;
			targetProxy = A8C6F59E22007FF300791E3C /* PBXContainerItemProxy */;
		};
/* End PBXTargetDependency section */

/* Begin PBXVariantGroup section */
		A8C6F59522007FF300791E3C /* LaunchScreen.storyboard */ = {
			isa = PBXVariantGroup;
			children = (
				A8C6F59622007FF300791E3C /* Base */,
			);
			name = LaunchScreen.storyboard;
			sourceTree = "<group>";
		};
/* End PBXVariantGroup section */

/* Begin XCBuildConfiguration section */
		A8C6F5A422007FF300791E3C /* Debug */ = {
			isa = XCBuildConfiguration;
			buildSettings = {
				ALWAYS_SEARCH_USER_PATHS = NO;
				CLANG_ANALYZER_NONNULL = YES;
				CLANG_ANALYZER_NUMBER_OBJECT_CONVERSION = YES_AGGRESSIVE;
				CLANG_CXX_LANGUAGE_STANDARD = "gnu++14";
				CLANG_CXX_LIBRARY = "libc++";
				CLANG_ENABLE_MODULES = YES;
				CLANG_ENABLE_OBJC_ARC = YES;
				CLANG_ENABLE_OBJC_WEAK = YES;
				CLANG_WARN_BLOCK_CAPTURE_AUTORELEASING = YES;
				CLANG_WARN_BOOL_CONVERSION = YES;
				CLANG_WARN_COMMA = YES;
				CLANG_WARN_CONSTANT_CONVERSION = YES;
				CLANG_WARN_DEPRECATED_OBJC_IMPLEMENTATIONS = YES;
				CLANG_WARN_DIRECT_OBJC_ISA_USAGE = YES_ERROR;
				CLANG_WARN_DOCUMENTATION_COMMENTS = YES;
				CLANG_WARN_EMPTY_BODY = YES;
				CLANG_WARN_ENUM_CONVERSION = YES;
				CLANG_WARN_INFINITE_RECURSION = YES;
				CLANG_WARN_INT_CONVERSION = YES;
				CLANG_WARN_NON_LITERAL_NULL_CONVERSION = YES;
				CLANG_WARN_OBJC_IMPLICIT_RETAIN_SELF = YES;
				CLANG_WARN_OBJC_LITERAL_CONVERSION = YES;
				CLANG_WARN_OBJC_ROOT_CLASS = YES_ERROR;
				CLANG_WARN_RANGE_LOOP_ANALYSIS = YES;
				CLANG_WARN_STRICT_PROTOTYPES = YES;
				CLANG_WARN_SUSPICIOUS_MOVE = YES;
				CLANG_WARN_UNGUARDED_AVAILABILITY = YES_AGGRESSIVE;
				CLANG_WARN_UNREACHABLE_CODE = YES;
				CLANG_WARN__DUPLICATE_METHOD_MATCH = YES;
				CODE_SIGN_IDENTITY = "iPhone Developer";
				COPY_PHASE_STRIP = NO;
				DEBUG_INFORMATION_FORMAT = dwarf;
				ENABLE_STRICT_OBJC_MSGSEND = YES;
				ENABLE_TESTABILITY = YES;
				GCC_C_LANGUAGE_STANDARD = gnu11;
				GCC_DYNAMIC_NO_PIC = NO;
				GCC_NO_COMMON_BLOCKS = YES;
				GCC_OPTIMIZATION_LEVEL = 0;
				GCC_PREPROCESSOR_DEFINITIONS = (
					"DEBUG=1",
					"$(inherited)",
				);
				GCC_WARN_64_TO_32_BIT_CONVERSION = YES;
				GCC_WARN_ABOUT_RETURN_TYPE = YES_ERROR;
				GCC_WARN_UNDECLARED_SELECTOR = YES;
				GCC_WARN_UNINITIALIZED_AUTOS = YES_AGGRESSIVE;
				GCC_WARN_UNUSED_FUNCTION = YES;
				GCC_WARN_UNUSED_VARIABLE = YES;
				IPHONEOS_DEPLOYMENT_TARGET = 12.1;
				MTL_ENABLE_DEBUG_INFO = INCLUDE_SOURCE;
				MTL_FAST_MATH = YES;
				ONLY_ACTIVE_ARCH = YES;
				SDKROOT = iphoneos;
				SWIFT_ACTIVE_COMPILATION_CONDITIONS = DEBUG;
				SWIFT_OPTIMIZATION_LEVEL = "-Onone";
			};
			name = Debug;
		};
		A8C6F5A522007FF300791E3C /* Release */ = {
			isa = XCBuildConfiguration;
			buildSettings = {
				ALWAYS_SEARCH_USER_PATHS = NO;
				CLANG_ANALYZER_NONNULL = YES;
				CLANG_ANALYZER_NUMBER_OBJECT_CONVERSION = YES_AGGRESSIVE;
				CLANG_CXX_LANGUAGE_STANDARD = "gnu++14";
				CLANG_CXX_LIBRARY = "libc++";
				CLANG_ENABLE_MODULES = YES;
				CLANG_ENABLE_OBJC_ARC = YES;
				CLANG_ENABLE_OBJC_WEAK = YES;
				CLANG_WARN_BLOCK_CAPTURE_AUTORELEASING = YES;
				CLANG_WARN_BOOL_CONVERSION = YES;
				CLANG_WARN_COMMA = YES;
				CLANG_WARN_CONSTANT_CONVERSION = YES;
				CLANG_WARN_DEPRECATED_OBJC_IMPLEMENTATIONS = YES;
				CLANG_WARN_DIRECT_OBJC_ISA_USAGE = YES_ERROR;
				CLANG_WARN_DOCUMENTATION_COMMENTS = YES;
				CLANG_WARN_EMPTY_BODY = YES;
				CLANG_WARN_ENUM_CONVERSION = YES;
				CLANG_WARN_INFINITE_RECURSION = YES;
				CLANG_WARN_INT_CONVERSION = YES;
				CLANG_WARN_NON_LITERAL_NULL_CONVERSION = YES;
				CLANG_WARN_OBJC_IMPLICIT_RETAIN_SELF = YES;
				CLANG_WARN_OBJC_LITERAL_CONVERSION = YES;
				CLANG_WARN_OBJC_ROOT_CLASS = YES_ERROR;
				CLANG_WARN_RANGE_LOOP_ANALYSIS = YES;
				CLANG_WARN_STRICT_PROTOTYPES = YES;
				CLANG_WARN_SUSPICIOUS_MOVE = YES;
				CLANG_WARN_UNGUARDED_AVAILABILITY = YES_AGGRESSIVE;
				CLANG_WARN_UNREACHABLE_CODE = YES;
				CLANG_WARN__DUPLICATE_METHOD_MATCH = YES;
				CODE_SIGN_IDENTITY = "iPhone Developer";
				COPY_PHASE_STRIP = NO;
				DEBUG_INFORMATION_FORMAT = "dwarf-with-dsym";
				ENABLE_NS_ASSERTIONS = NO;
				ENABLE_STRICT_OBJC_MSGSEND = YES;
				GCC_C_LANGUAGE_STANDARD = gnu11;
				GCC_NO_COMMON_BLOCKS = YES;
				GCC_WARN_64_TO_32_BIT_CONVERSION = YES;
				GCC_WARN_ABOUT_RETURN_TYPE = YES_ERROR;
				GCC_WARN_UNDECLARED_SELECTOR = YES;
				GCC_WARN_UNINITIALIZED_AUTOS = YES_AGGRESSIVE;
				GCC_WARN_UNUSED_FUNCTION = YES;
				GCC_WARN_UNUSED_VARIABLE = YES;
				IPHONEOS_DEPLOYMENT_TARGET = 12.1;
				MTL_ENABLE_DEBUG_INFO = NO;
				MTL_FAST_MATH = YES;
				SDKROOT = iphoneos;
				SWIFT_COMPILATION_MODE = wholemodule;
				SWIFT_OPTIMIZATION_LEVEL = "-O";
				VALIDATE_PRODUCT = YES;
			};
			name = Release;
		};
		A8C6F5A722007FF300791E3C /* Debug */ = {
			isa = XCBuildConfiguration;
			buildSettings = {
				ASSETCATALOG_COMPILER_APPICON_NAME = AppIcon;
				CODE_SIGN_STYLE = Automatic;
				INFOPLIST_FILE = Currencies/Info.plist;
				LD_RUNPATH_SEARCH_PATHS = (
					"$(inherited)",
					"@executable_path/Frameworks",
				);
				PRODUCT_BUNDLE_IDENTIFIER = exe.dede.Currencies;
				PRODUCT_NAME = "$(TARGET_NAME)";
				SWIFT_VERSION = 4.2;
				TARGETED_DEVICE_FAMILY = "1,2";
			};
			name = Debug;
		};
		A8C6F5A822007FF300791E3C /* Release */ = {
			isa = XCBuildConfiguration;
			buildSettings = {
				ASSETCATALOG_COMPILER_APPICON_NAME = AppIcon;
				CODE_SIGN_STYLE = Automatic;
				INFOPLIST_FILE = Currencies/Info.plist;
				LD_RUNPATH_SEARCH_PATHS = (
					"$(inherited)",
					"@executable_path/Frameworks",
				);
				PRODUCT_BUNDLE_IDENTIFIER = exe.dede.Currencies;
				PRODUCT_NAME = "$(TARGET_NAME)";
				SWIFT_VERSION = 4.2;
				TARGETED_DEVICE_FAMILY = "1,2";
			};
			name = Release;
		};
		A8C6F5AA22007FF300791E3C /* Debug */ = {
			isa = XCBuildConfiguration;
			buildSettings = {
				ALWAYS_EMBED_SWIFT_STANDARD_LIBRARIES = YES;
				BUNDLE_LOADER = "$(TEST_HOST)";
				CODE_SIGN_STYLE = Automatic;
				INFOPLIST_FILE = CurrenciesTests/Info.plist;
				LD_RUNPATH_SEARCH_PATHS = (
					"$(inherited)",
					"@executable_path/Frameworks",
					"@loader_path/Frameworks",
				);
				PRODUCT_BUNDLE_IDENTIFIER = exe.dede.CurrenciesTests;
				PRODUCT_NAME = "$(TARGET_NAME)";
				SWIFT_VERSION = 4.2;
				TARGETED_DEVICE_FAMILY = "1,2";
				TEST_HOST = "$(BUILT_PRODUCTS_DIR)/Currencies.app/Currencies";
			};
			name = Debug;
		};
		A8C6F5AB22007FF300791E3C /* Release */ = {
			isa = XCBuildConfiguration;
			buildSettings = {
				ALWAYS_EMBED_SWIFT_STANDARD_LIBRARIES = YES;
				BUNDLE_LOADER = "$(TEST_HOST)";
				CODE_SIGN_STYLE = Automatic;
				INFOPLIST_FILE = CurrenciesTests/Info.plist;
				LD_RUNPATH_SEARCH_PATHS = (
					"$(inherited)",
					"@executable_path/Frameworks",
					"@loader_path/Frameworks",
				);
				PRODUCT_BUNDLE_IDENTIFIER = exe.dede.CurrenciesTests;
				PRODUCT_NAME = "$(TARGET_NAME)";
				SWIFT_VERSION = 4.2;
				TARGETED_DEVICE_FAMILY = "1,2";
				TEST_HOST = "$(BUILT_PRODUCTS_DIR)/Currencies.app/Currencies";
			};
			name = Release;
		};
/* End XCBuildConfiguration section */

/* Begin XCConfigurationList section */
		A8C6F58422007FF100791E3C /* Build configuration list for PBXProject "Currencies" */ = {
			isa = XCConfigurationList;
			buildConfigurations = (
				A8C6F5A422007FF300791E3C /* Debug */,
				A8C6F5A522007FF300791E3C /* Release */,
			);
			defaultConfigurationIsVisible = 0;
			defaultConfigurationName = Release;
		};
		A8C6F5A622007FF300791E3C /* Build configuration list for PBXNativeTarget "Currencies" */ = {
			isa = XCConfigurationList;
			buildConfigurations = (
				A8C6F5A722007FF300791E3C /* Debug */,
				A8C6F5A822007FF300791E3C /* Release */,
			);
			defaultConfigurationIsVisible = 0;
			defaultConfigurationName = Release;
		};
		A8C6F5A922007FF300791E3C /* Build configuration list for PBXNativeTarget "CurrenciesTests" */ = {
			isa = XCConfigurationList;
			buildConfigurations = (
				A8C6F5AA22007FF300791E3C /* Debug */,
				A8C6F5AB22007FF300791E3C /* Release */,
			);
			defaultConfigurationIsVisible = 0;
			defaultConfigurationName = Release;
		};
/* End XCConfigurationList section */
	};
	rootObject = A8C6F58122007FF100791E3C /* Project object */;
}
